
Microsoft Visual Studio Solution File, Format Version 12.00
# Visual Studio Version 17
VisualStudioVersion = 17.14.37301.10
MinimumVisualStudioVersion = 10.0.40219.1
Project("{FAE04EC0-301F-11D3-BF4B-00C04F79EFBC}") = "ReservationsSystem.API", "ReservationsSystem\ReservationsSystem.API.csproj", "{97989E70-F75F-4ADF-8EA9-A6BE593C540B}"
EndProject
Project("{FAE04EC0-301F-11D3-BF4B-00C04F79EFBC}") = "ReservationsSystem.Application", "ReservationsSystem.Application\ReservationsSystem.Application.csproj", "{055DEEE6-B5C3-4580-9576-81D38B448F69}"
EndProject
Project("{FAE04EC0-301F-11D3-BF4B-00C04F79EFBC}") = "ReservationsSystem.Infra", "ReservationsSystem.Infra\ReservationsSystem.Infra.csproj", "{2B9E2BBE-20F4-4C01-B17E-4CDE1A9F29DE}"
EndProject
Project("{FAE04EC0-301F-11D3-BF4B-00C04F79EFBC}") = "ReservationsSystem.Domain", "ReservationsSystem.Domain\ReservationsSystem.Domain.csproj", "{0758C748-94CB-9A72-01AC-7F0132ABA507}"
EndProject
Global
	GlobalSection(SolutionConfigurationPlatforms) = preSolution
		Debug|Any CPU = Debug|Any CPU
		Release|Any CPU = Release|Any CPU
	EndGlobalSection
	GlobalSection(ProjectConfigurationPlatforms) = postSolution
		{97989E70-F75F-4ADF-8EA9-A6BE593C540B}.Debug|Any CPU.ActiveCfg = Debug|Any CPU
		{97989E70-F75F-4ADF-8EA9-A6BE593C540B}.Debug|Any CPU.Build.0 = Debug|Any CPU
		{97989E70-F75F-4ADF-8EA9-A6BE593C540B}.Release|Any CPU.ActiveCfg = Release|Any CPU
		{97989E70-F75F-4ADF-8EA9-A6BE593C540B}.Release|Any CPU.Build.0 = Release|Any CPU
		{055DEEE6-B5C3-4580-9576-81D38B448F69}.Debug|Any CPU.ActiveCfg = Debug|Any CPU
		{055DEEE6-B5C3-4580-9576-81D38B448F69}.Debug|Any CPU.Build.0 = Debug|Any CPU
		{055DEEE6-B5C3-4580-9576-81D38B448F69}.Release|Any CPU.ActiveCfg = Release|Any CPU
		{055DEEE6-B5C3-4580-9576-81D38B448F69}.Release|Any CPU.Build.0 = Release|Any CPU
		{2B9E2BBE-20F4-4C01-B17E-4CDE1A9F29DE}.Debug|Any CPU.ActiveCfg = Debug|Any CPU
		{2B9E2BBE-20F4-4C01-B17E-4CDE1A9F29DE}.Debug|Any CPU.Build.0 = Debug|Any CPU
		{2B9E2BBE-20F4-4C01-B17E-4CDE1A9F29DE}.Release|Any CPU.ActiveCfg = Release|Any CPU
		{2B9E2BBE-20F4-4C01-B17E-4CDE1A9F29DE}.Release|Any CPU.Build.0 = Release|Any CPU
		{0758C748-94CB-9A72-01AC-7F0132ABA507}.Debug|Any CPU.ActiveCfg = Debug|Any CPU
		{0758C748-94CB-9A72-01AC-7F0132ABA507}.Debug|Any CPU.Build.0 = Debug|Any CPU
		{0758C748-94CB-9A72-01AC-7F0132ABA507}.Release|Any CPU.ActiveCfg = Release|Any CPU
		{0758C748-94CB-9A72-01AC-7F0132ABA507}.Release|Any CPU.Build.0 = Release|Any CPU
	EndGlobalSection
	GlobalSection(SolutionProperties) = preSolution
		HideSolutionNode = FALSE
	EndGlobalSection
	GlobalSection(ExtensibilityGlobals) = postSolution
		SolutionGuid = {16956CBD-574D-4EFD-89CA-CC6BFD58EAC4}
	EndGlobalSection
EndGlobal
